
Microsoft Visual Studio Solution File, Format Version 12.00
# Visual Studio Version 17
VisualStudioVersion = 17.5.33516.290
MinimumVisualStudioVersion = 10.0.40219.1
Project("{FAE04EC0-301F-11D3-BF4B-00C04F79EFBC}") = "Parallel_Output", "Parallel_Output\Parallel_Output.csproj", "{11A9154E-7CCB-430A-8FC2-EFEB29132196}"
EndProject
Global
	GlobalSection(SolutionConfigurationPlatforms) = preSolution
		Debug|Any CPU = Debug|Any CPU
		Release|Any CPU = Release|Any CPU
	EndGlobalSection
	GlobalSection(ProjectConfigurationPlatforms) = postSolution
		{11A9154E-7CCB-430A-8FC2-EFEB29132196}.Debug|Any CPU.ActiveCfg = Debug|Any CPU
		{11A9154E-7CCB-430A-8FC2-EFEB29132196}.Debug|Any CPU.Build.0 = Debug|Any CPU
		{11A9154E-7CCB-430A-8FC2-EFEB29132196}.Release|Any CPU.ActiveCfg = Release|Any CPU
		{11A9154E-7CCB-430A-8FC2-EFEB29132196}.Release|Any CPU.Build.0 = Release|Any CPU
	EndGlobalSection
	GlobalSection(SolutionProperties) = preSolution
		HideSolutionNode = FALSE
	EndGlobalSection
	GlobalSection(ExtensibilityGlobals) = postSolution
		SolutionGuid = {73DEB5C8-6163-423D-A63B-589E599298E0}
	EndGlobalSection
EndGlobal
